
Microsoft Visual Studio Solution File, Format Version 12.00
# Visual Studio Version 17
VisualStudioVersion = 17.5.33516.290
MinimumVisualStudioVersion = 10.0.40219.1
Project("{FAE04EC0-301F-11D3-BF4B-00C04F79EFBC}") = "csharp-oop-shop-2", "csharp-oop-shop-2.csproj", "{5CC44C28-D5B8-48D2-9C12-EDAA5E58EE9B}"
EndProject
Global
	GlobalSection(SolutionConfigurationPlatforms) = preSolution
		Debug|Any CPU = Debug|Any CPU
		Release|Any CPU = Release|Any CPU
	EndGlobalSection
	GlobalSection(ProjectConfigurationPlatforms) = postSolution
		{5CC44C28-D5B8-48D2-9C12-EDAA5E58EE9B}.Debug|Any CPU.ActiveCfg = Debug|Any CPU
		{5CC44C28-D5B8-48D2-9C12-EDAA5E58EE9B}.Debug|Any CPU.Build.0 = Debug|Any CPU
		{5CC44C28-D5B8-48D2-9C12-EDAA5E58EE9B}.Release|Any CPU.ActiveCfg = Release|Any CPU
		{5CC44C28-D5B8-48D2-9C12-EDAA5E58EE9B}.Release|Any CPU.Build.0 = Release|Any CPU
	EndGlobalSection
	GlobalSection(SolutionProperties) = preSolution
		HideSolutionNode = FALSE
	EndGlobalSection
	GlobalSection(ExtensibilityGlobals) = postSolution
		SolutionGuid = {DFA9CDD1-3529-4AF3-AD91-1B35B93A4DAC}
	EndGlobalSection
EndGlobal
